// !$*UTF8*$!
{
	archiveVersion = 1;
	classes = {
	};
	objectVersion = 54;
	objects = {

/* Begin PBXBuildFile section */
		0FADDF6AE0FF5748C7E6B888 /* libPods-ExpoWidgetsTarget.a in Frameworks */ = {isa = PBXBuildFile; fileRef = 9A027313C31A9D55D8DE3CA1 /* libPods-ExpoWidgetsTarget.a */; };
		13B07FBF1A68108700A75B9A /* Images.xcassets in Resources */ = {isa = PBXBuildFile; fileRef = 13B07FB51A68108700A75B9A /* Images.xcassets */; };
		173D85911D4540D786900C7C /* CultureMembershipWidget.swift in Sources */ = {isa = PBXBuildFile; fileRef = 0F2876566571482685AB4A86 /* CultureMembershipWidget.swift */; };
		23C1330CB7C747936E2E2836 /* ExpoModulesProvider.swift in Sources */ = {isa = PBXBuildFile; fileRef = 339F73FAA65D3B5698B527B6 /* ExpoModulesProvider.swift */; };
		31DCD516F7D646279410107F /* CultureUpcomingTicketWidget.swift in Sources */ = {isa = PBXBuildFile; fileRef = CB20F4ABDE60402995AD5B90 /* CultureUpcomingTicketWidget.swift */; };
		3500CD0D6344BF774AEFBC6D /* libPods-CulturePass.a in Frameworks */ = {isa = PBXBuildFile; fileRef = 92C1755E8FC55850691236DB /* libPods-CulturePass.a */; };
		35ECC9AABBAA4C599075869A /* CultureSpotlightWidget.swift in Sources */ = {isa = PBXBuildFile; fileRef = 5CAF18D0813B4730BD4944C9 /* CultureSpotlightWidget.swift */; };
		3E461D99554A48A4959DE609 /* SplashScreen.storyboard in Resources */ = {isa = PBXBuildFile; fileRef = AA286B85B6C04FC6940260E9 /* SplashScreen.storyboard */; };
		6E4E8EA4C2F943D9B40D4C64 /* CulturePassWatchWidget.swift in Sources */ = {isa = PBXBuildFile; fileRef = 60839419422B43DA952912B5 /* CulturePassWatchWidget.swift */; };
		7CED30776D78A9F4A0D9760F /* ExpoModulesProvider.swift in Sources */ = {isa = PBXBuildFile; fileRef = 6E6691526DE905B837FD26FB /* ExpoModulesProvider.swift */; };
		89548943AC2E4761A9836D25 /* CultureNearYouWidget.swift in Sources */ = {isa = PBXBuildFile; fileRef = 2C74D59FFA47432583328595 /* CultureNearYouWidget.swift */; };
		9F31602A19A34B439D326C67 /* index.swift in Sources */ = {isa = PBXBuildFile; fileRef = 1157B91D059841C4BD118A3B /* index.swift */; };
		AE3D90C222D5450B8B23EAB3 /* ExpoWidgetsTarget.appex in Embed Foundation Extensions */ = {isa = PBXBuildFile; fileRef = 4E24923D76224665B15C6BDB /* ExpoWidgetsTarget.appex */; };
		BB2F792D24A3F905000567C9 /* Expo.plist in Resources */ = {isa = PBXBuildFile; fileRef = BB2F792C24A3F905000567C9 /* Expo.plist */; };
		D888937CBF1A4E3F9EC1CEB6 /* PrivacyInfo.xcprivacy in Resources */ = {isa = PBXBuildFile; fileRef = 56C7A27E340F4B68B50E16CC /* PrivacyInfo.xcprivacy */; };
		E8266D0A1FAA47718EB48436 /* CultureIdentityQRWidget.swift in Sources */ = {isa = PBXBuildFile; fileRef = C499211B2FDC4DEFA17DCF1A /* CultureIdentityQRWidget.swift */; };
		F11748422D0307B40044C1D9 /* AppDelegate.swift in Sources */ = {isa = PBXBuildFile; fileRef = F11748412D0307B40044C1D9 /* AppDelegate.swift */; };
		FC370DA4410E4B32900CEECE /* noop-file.swift in Sources */ = {isa = PBXBuildFile; fileRef = ACFA7E13CDB94D838448A0BF /* noop-file.swift */; };
/* End PBXBuildFile section */

/* Begin PBXContainerItemProxy section */
		29BB5295636547EB978DB5B3 /* PBXContainerItemProxy */ = {
			isa = PBXContainerItemProxy;
			containerPortal = 83CBB9F71A601CBA00E9B192 /* Project object */;
			proxyType = 1;
			remoteGlobalIDString = 4EF3C006F9C84D9A95BCAA1B;
			remoteInfo = ExpoWidgetsTarget;
		};
/* End PBXContainerItemProxy section */

/* Begin PBXCopyFilesBuildPhase section */
		44E58A5174444634A00E934E /* Embed Foundation Extensions */ = {
			isa = PBXCopyFilesBuildPhase;
			buildActionMask = 2147483647;
			dstPath = "";
			dstSubfolderSpec = 13;
			files = (
				AE3D90C222D5450B8B23EAB3 /* ExpoWidgetsTarget.appex in Embed Foundation Extensions */,
			);
			name = "Embed Foundation Extensions";
			runOnlyForDeploymentPostprocessing = 0;
		};
/* End PBXCopyFilesBuildPhase section */

/* Begin PBXFileReference section */
		0F2876566571482685AB4A86 /* CultureMembershipWidget.swift */ = {isa = PBXFileReference; explicitFileType = undefined; fileEncoding = 4; includeInIndex = 0; lastKnownFileType = sourcecode.swift; name = CultureMembershipWidget.swift; path = CultureMembershipWidget.swift; sourceTree = "<group>"; };
		1157B91D059841C4BD118A3B /* index.swift */ = {isa = PBXFileReference; explicitFileType = undefined; fileEncoding = 4; includeInIndex = 0; lastKnownFileType = sourcecode.swift; name = index.swift; path = index.swift; sourceTree = "<group>"; };
		13B07F961A680F5B00A75B9A /* CulturePass.app */ = {isa = PBXFileReference; explicitFileType = wrapper.application; includeInIndex = 0; path = CulturePass.app; sourceTree = BUILT_PRODUCTS_DIR; };
		13B07FB51A68108700A75B9A /* Images.xcassets */ = {isa = PBXFileReference; lastKnownFileType = folder.assetcatalog; name = Images.xcassets; path = CulturePass/Images.xcassets; sourceTree = "<group>"; };
		13B07FB61A68108700A75B9A /* Info.plist */ = {isa = PBXFileReference; fileEncoding = 4; lastKnownFileType = text.plist.xml; name = Info.plist; path = CulturePass/Info.plist; sourceTree = "<group>"; };
		2C74D59FFA47432583328595 /* CultureNearYouWidget.swift */ = {isa = PBXFileReference; explicitFileType = undefined; fileEncoding = 4; includeInIndex = 0; lastKnownFileType = sourcecode.swift; name = CultureNearYouWidget.swift; path = CultureNearYouWidget.swift; sourceTree = "<group>"; };
		339F73FAA65D3B5698B527B6 /* ExpoModulesProvider.swift */ = {isa = PBXFileReference; includeInIndex = 1; lastKnownFileType = sourcecode.swift; name = ExpoModulesProvider.swift; path = "Pods/Target Support Files/Pods-ExpoWidgetsTarget/ExpoModulesProvider.swift"; sourceTree = "<group>"; };
		4E24923D76224665B15C6BDB /* ExpoWidgetsTarget.appex */ = {isa = PBXFileReference; explicitFileType = "wrapper.app-extension"; fileEncoding = undefined; includeInIndex = 0; lastKnownFileType = undefined; name = ExpoWidgetsTarget.appex; path = ExpoWidgetsTarget.appex; sourceTree = BUILT_PRODUCTS_DIR; };
		56C7A27E340F4B68B50E16CC /* PrivacyInfo.xcprivacy */ = {isa = PBXFileReference; explicitFileType = undefined; fileEncoding = undefined; includeInIndex = 0; lastKnownFileType = unknown; name = PrivacyInfo.xcprivacy; path = CulturePass/PrivacyInfo.xcprivacy; sourceTree = "<group>"; };
		5CAF18D0813B4730BD4944C9 /* CultureSpotlightWidget.swift */ = {isa = PBXFileReference; explicitFileType = undefined; fileEncoding = 4; includeInIndex = 0; lastKnownFileType = sourcecode.swift; name = CultureSpotlightWidget.swift; path = CultureSpotlightWidget.swift; sourceTree = "<group>"; };
		60839419422B43DA952912B5 /* CulturePassWatchWidget.swift */ = {isa = PBXFileReference; explicitFileType = undefined; fileEncoding = 4; includeInIndex = 0; lastKnownFileType = sourcecode.swift; name = CulturePassWatchWidget.swift; path = CulturePassWatchWidget.swift; sourceTree = "<group>"; };
		69DA191949574A0FACCCDBF3 /* ExpoWidgetsTarget.entitlements */ = {isa = PBXFileReference; explicitFileType = undefined; fileEncoding = undefined; includeInIndex = 0; lastKnownFileType = unknown; name = ExpoWidgetsTarget.entitlements; path = ExpoWidgetsTarget.entitlements; sourceTree = "<group>"; };
		6E6691526DE905B837FD26FB /* ExpoModulesProvider.swift */ = {isa = PBXFileReference; includeInIndex = 1; lastKnownFileType = sourcecode.swift; name = ExpoModulesProvider.swift; path = "Pods/Target Support Files/Pods-CulturePass/ExpoModulesProvider.swift"; sourceTree = "<group>"; };
		719A0D1F4C23F80374EC979D /* Pods-CulturePass.release.xcconfig */ = {isa = PBXFileReference; includeInIndex = 1; lastKnownFileType = text.xcconfig; name = "Pods-CulturePass.release.xcconfig"; path = "Target Support Files/Pods-CulturePass/Pods-CulturePass.release.xcconfig"; sourceTree = "<group>"; };
		82F7B931452AE02BD196D39B /* Pods-ExpoWidgetsTarget.debug.xcconfig */ = {isa = PBXFileReference; includeInIndex = 1; lastKnownFileType = text.xcconfig; name = "Pods-ExpoWidgetsTarget.debug.xcconfig"; path = "Target Support Files/Pods-ExpoWidgetsTarget/Pods-ExpoWidgetsTarget.debug.xcconfig"; sourceTree = "<group>"; };
		92C1755E8FC55850691236DB /* libPods-CulturePass.a */ = {isa = PBXFileReference; explicitFileType = archive.ar; includeInIndex = 0; path = "libPods-CulturePass.a"; sourceTree = BUILT_PRODUCTS_DIR; };
		9A027313C31A9D55D8DE3CA1 /* libPods-ExpoWidgetsTarget.a */ = {isa = PBXFileReference; explicitFileType = archive.ar; includeInIndex = 0; path = "libPods-ExpoWidgetsTarget.a"; sourceTree = BUILT_PRODUCTS_DIR; };
		9C50C7D5D020AFA195970E33 /* Pods-CulturePass.debug.xcconfig */ = {isa = PBXFileReference; includeInIndex = 1; lastKnownFileType = text.xcconfig; name = "Pods-CulturePass.debug.xcconfig"; path = "Target Support Files/Pods-CulturePass/Pods-CulturePass.debug.xcconfig"; sourceTree = "<group>"; };
		AA286B85B6C04FC6940260E9 /* SplashScreen.storyboard */ = {isa = PBXFileReference; fileEncoding = 4; lastKnownFileType = file.storyboard; name = SplashScreen.storyboard; path = CulturePass/SplashScreen.storyboard; sourceTree = "<group>"; };
		ACFA7E13CDB94D838448A0BF /* noop-file.swift */ = {isa = PBXFileReference; explicitFileType = undefined; fileEncoding = 4; includeInIndex = 0; lastKnownFileType = sourcecode.swift; name = "noop-file.swift"; path = "CulturePass/noop-file.swift"; sourceTree = "<group>"; };
		B0A86B8C0FAF49CC8EB7E909 /* Info.plist */ = {isa = PBXFileReference; explicitFileType = undefined; fileEncoding = 4; includeInIndex = 0; lastKnownFileType = text.plist.xml; name = Info.plist; path = Info.plist; sourceTree = "<group>"; };
		B6057CDEAD6F3C96B6E889A1 /* Pods-ExpoWidgetsTarget.release.xcconfig */ = {isa = PBXFileReference; includeInIndex = 1; lastKnownFileType = text.xcconfig; name = "Pods-ExpoWidgetsTarget.release.xcconfig"; path = "Target Support Files/Pods-ExpoWidgetsTarget/Pods-ExpoWidgetsTarget.release.xcconfig"; sourceTree = "<group>"; };
		BB2F792C24A3F905000567C9 /* Expo.plist */ = {isa = PBXFileReference; fileEncoding = 4; lastKnownFileType = text.plist.xml; path = Expo.plist; sourceTree = "<group>"; };
		C499211B2FDC4DEFA17DCF1A /* CultureIdentityQRWidget.swift */ = {isa = PBXFileReference; explicitFileType = undefined; fileEncoding = 4; includeInIndex = 0; lastKnownFileType = sourcecode.swift; name = CultureIdentityQRWidget.swift; path = CultureIdentityQRWidget.swift; sourceTree = "<group>"; };
		CB20F4ABDE60402995AD5B90 /* CultureUpcomingTicketWidget.swift */ = {isa = PBXFileReference; explicitFileType = undefined; fileEncoding = 4; includeInIndex = 0; lastKnownFileType = sourcecode.swift; name = CultureUpcomingTicketWidget.swift; path = CultureUpcomingTicketWidget.swift; sourceTree = "<group>"; };
		ED297162215061F000B7C4FE /* JavaScriptCore.framework */ = {isa = PBXFileReference; lastKnownFileType = wrapper.framework; name = JavaScriptCore.framework; path = System/Library/Frameworks/JavaScriptCore.framework; sourceTree = SDKROOT; };
		F11748412D0307B40044C1D9 /* AppDelegate.swift */ = {isa = PBXFileReference; lastKnownFileType = sourcecode.swift; name = AppDelegate.swift; path = CulturePass/AppDelegate.swift; sourceTree = "<group>"; };
		F11748442D0722820044C1D9 /* CulturePass-Bridging-Header.h */ = {isa = PBXFileReference; lastKnownFileType = sourcecode.c.h; name = "CulturePass-Bridging-Header.h"; path = "CulturePass/CulturePass-Bridging-Header.h"; sourceTree = "<group>"; };
/* End PBXFileReference section */

/* Begin PBXFrameworksBuildPhase section */
		13B07F8C1A680F5B00A75B9A /* Frameworks */ = {
			isa = PBXFrameworksBuildPhase;
			buildActionMask = 2147483647;
			files = (
				3500CD0D6344BF774AEFBC6D /* libPods-CulturePass.a in Frameworks */,
			);
			runOnlyForDeploymentPostprocessing = 0;
		};
		B97EBB0D41164A29B185A616 /* Frameworks */ = {
			isa = PBXFrameworksBuildPhase;
			buildActionMask = 2147483647;
			files = (
				0FADDF6AE0FF5748C7E6B888 /* libPods-ExpoWidgetsTarget.a in Frameworks */,
			);
			runOnlyForDeploymentPostprocessing = 0;
		};
/* End PBXFrameworksBuildPhase section */

/* Begin PBXGroup section */
		03B29E5C7A3739385B58D1D8 /* CulturePass */ = {
			isa = PBXGroup;
			children = (
				6E6691526DE905B837FD26FB /* ExpoModulesProvider.swift */,
			);
			name = CulturePass;
			sourceTree = "<group>";
		};
		13B07FAE1A68108700A75B9A /* CulturePass */ = {
			isa = PBXGroup;
			children = (
				F11748412D0307B40044C1D9 /* AppDelegate.swift */,
				F11748442D0722820044C1D9 /* CulturePass-Bridging-Header.h */,
				BB2F792B24A3F905000567C9 /* Supporting */,
				13B07FB51A68108700A75B9A /* Images.xcassets */,
				13B07FB61A68108700A75B9A /* Info.plist */,
				AA286B85B6C04FC6940260E9 /* SplashScreen.storyboard */,
				56C7A27E340F4B68B50E16CC /* PrivacyInfo.xcprivacy */,
				ACFA7E13CDB94D838448A0BF /* noop-file.swift */,
			);
			name = CulturePass;
			sourceTree = "<group>";
		};
		1EE11F7090C4A37E2BA52187 /* ExpoModulesProviders */ = {
			isa = PBXGroup;
			children = (
				03B29E5C7A3739385B58D1D8 /* CulturePass */,
				B8BF7E3A37BCA18204B69167 /* ExpoWidgetsTarget */,
			);
			name = ExpoModulesProviders;
			sourceTree = "<group>";
		};
		2D16E6871FA4F8E400B85C8A /* Frameworks */ = {
			isa = PBXGroup;
			children = (
				ED297162215061F000B7C4FE /* JavaScriptCore.framework */,
				92C1755E8FC55850691236DB /* libPods-CulturePass.a */,
				9A027313C31A9D55D8DE3CA1 /* libPods-ExpoWidgetsTarget.a */,
			);
			name = Frameworks;
			sourceTree = "<group>";
		};
		3E4AD3D0E24A6FDE148B1DB4 /* Pods */ = {
			isa = PBXGroup;
			children = (
				9C50C7D5D020AFA195970E33 /* Pods-CulturePass.debug.xcconfig */,
				719A0D1F4C23F80374EC979D /* Pods-CulturePass.release.xcconfig */,
				82F7B931452AE02BD196D39B /* Pods-ExpoWidgetsTarget.debug.xcconfig */,
				B6057CDEAD6F3C96B6E889A1 /* Pods-ExpoWidgetsTarget.release.xcconfig */,
			);
			name = Pods;
			path = Pods;
			sourceTree = "<group>";
		};
		832341AE1AAA6A7D00B99B32 /* Libraries */ = {
			isa = PBXGroup;
			children = (
			);
			name = Libraries;
			sourceTree = "<group>";
		};
		83CBB9F61A601CBA00E9B192 = {
			isa = PBXGroup;
			children = (
				13B07FAE1A68108700A75B9A /* CulturePass */,
				832341AE1AAA6A7D00B99B32 /* Libraries */,
				83CBBA001A601CBA00E9B192 /* Products */,
				2D16E6871FA4F8E400B85C8A /* Frameworks */,
				8466ABC7DD304C7688205D54 /* ExpoWidgetsTarget */,
				3E4AD3D0E24A6FDE148B1DB4 /* Pods */,
				1EE11F7090C4A37E2BA52187 /* ExpoModulesProviders */,
			);
			indentWidth = 2;
			sourceTree = "<group>";
			tabWidth = 2;
			usesTabs = 0;
		};
		83CBBA001A601CBA00E9B192 /* Products */ = {
			isa = PBXGroup;
			children = (
				13B07F961A680F5B00A75B9A /* CulturePass.app */,
				4E24923D76224665B15C6BDB /* ExpoWidgetsTarget.appex */,
			);
			name = Products;
			sourceTree = "<group>";
		};
		8466ABC7DD304C7688205D54 /* ExpoWidgetsTarget */ = {
			isa = PBXGroup;
			children = (
				69DA191949574A0FACCCDBF3 /* ExpoWidgetsTarget.entitlements */,
				B0A86B8C0FAF49CC8EB7E909 /* Info.plist */,
				1157B91D059841C4BD118A3B /* index.swift */,
				5CAF18D0813B4730BD4944C9 /* CultureSpotlightWidget.swift */,
				2C74D59FFA47432583328595 /* CultureNearYouWidget.swift */,
				C499211B2FDC4DEFA17DCF1A /* CultureIdentityQRWidget.swift */,
				CB20F4ABDE60402995AD5B90 /* CultureUpcomingTicketWidget.swift */,
				60839419422B43DA952912B5 /* CulturePassWatchWidget.swift */,
				0F2876566571482685AB4A86 /* CultureMembershipWidget.swift */,
			);
			name = ExpoWidgetsTarget;
			path = ExpoWidgetsTarget;
			sourceTree = "<group>";
		};
		B8BF7E3A37BCA18204B69167 /* ExpoWidgetsTarget */ = {
			isa = PBXGroup;
			children = (
				339F73FAA65D3B5698B527B6 /* ExpoModulesProvider.swift */,
			);
			name = ExpoWidgetsTarget;
			sourceTree = "<group>";
		};
		BB2F792B24A3F905000567C9 /* Supporting */ = {
			isa = PBXGroup;
			children = (
				BB2F792C24A3F905000567C9 /* Expo.plist */,
			);
			name = Supporting;
			path = CulturePass/Supporting;
			sourceTree = "<group>";
		};
/* End PBXGroup section */

/* Begin PBXNativeTarget section */
		13B07F861A680F5B00A75B9A /* CulturePass */ = {
			isa = PBXNativeTarget;
			buildConfigurationList = 13B07F931A680F5B00A75B9A /* Build configuration list for PBXNativeTarget "CulturePass" */;
			buildPhases = (
				08A4A3CD28434E44B6B9DE2E /* [CP] Check Pods Manifest.lock */,
				58337906D6C8CBD554C002E8 /* [Expo] Configure project */,
				13B07F871A680F5B00A75B9A /* Sources */,
				13B07F8C1A680F5B00A75B9A /* Frameworks */,
				13B07F8E1A680F5B00A75B9A /* Resources */,
				00DD1BFF1BD5951E006B06BC /* Bundle React Native code and images */,
				800E24972A6A228C8D4807E9 /* [CP] Copy Pods Resources */,
				067C14C33AD641FD8AAFAA19 /* [Expo Dev Launcher] Strip Local Network Keys for Release */,
				9AB322A78C0D45CBB755F400 /* Upload Debug Symbols to Sentry */,
				44E58A5174444634A00E934E /* Embed Foundation Extensions */,
				F2B9EBC7FB6AD114D138E371 /* [CP] Embed Pods Frameworks */,
			);
			buildRules = (
			);
			dependencies = (
				7D5CA4632E674414B6AFAB87 /* PBXTargetDependency */,
			);
			name = CulturePass;
			productName = CulturePass;
			productReference = 13B07F961A680F5B00A75B9A /* CulturePass.app */;
			productType = "com.apple.product-type.application";
		};
		4EF3C006F9C84D9A95BCAA1B /* ExpoWidgetsTarget */ = {
			isa = PBXNativeTarget;
			buildConfigurationList = 84541E7EF5B244F995EB28DA /* Build configuration list for PBXNativeTarget "ExpoWidgetsTarget" */;
			buildPhases = (
				07055FF6125E111527E2EB4F /* [CP] Check Pods Manifest.lock */,
				2D25B1DE8C4E9B105D5B93C9 /* [Expo] Configure project */,
				AB2154389657479A8FB963ED /* Sources */,
				B97EBB0D41164A29B185A616 /* Frameworks */,
				C2F152D0953304CAC6933BB5 /* [CP] Copy Pods Resources */,
			);
			buildRules = (
			);
			dependencies = (
			);
			name = ExpoWidgetsTarget;
			productName = ExpoWidgetsTarget;
			productReference = 4E24923D76224665B15C6BDB /* ExpoWidgetsTarget.appex */;
			productType = "com.apple.product-type.app-extension";
		};
/* End PBXNativeTarget section */

/* Begin PBXProject section */
		83CBB9F71A601CBA00E9B192 /* Project object */ = {
			isa = PBXProject;
			attributes = {
				LastUpgradeCheck = 1130;
				TargetAttributes = {
					13B07F861A680F5B00A75B9A = {
						LastSwiftMigration = 1250;
					};
					4EF3C006F9C84D9A95BCAA1B = {
						LastSwiftMigration = 1250;
					};
				};
			};
			buildConfigurationList = 83CBB9FA1A601CBA00E9B192 /* Build configuration list for PBXProject "CulturePass" */;
			compatibilityVersion = "Xcode 3.2";
			developmentRegion = en;
			hasScannedForEncodings = 0;
			knownRegions = (
				en,
				Base,
			);
			mainGroup = 83CBB9F61A601CBA00E9B192;
			productRefGroup = 83CBBA001A601CBA00E9B192 /* Products */;
			projectDirPath = "";
			projectRoot = "";
			targets = (
				13B07F861A680F5B00A75B9A /* CulturePass */,
				4EF3C006F9C84D9A95BCAA1B /* ExpoWidgetsTarget */,
			);
		};
/* End PBXProject section */

/* Begin PBXResourcesBuildPhase section */
		13B07F8E1A680F5B00A75B9A /* Resources */ = {
			isa = PBXResourcesBuildPhase;
			buildActionMask = 2147483647;
			files = (
				BB2F792D24A3F905000567C9 /* Expo.plist in Resources */,
				13B07FBF1A68108700A75B9A /* Images.xcassets in Resources */,
				3E461D99554A48A4959DE609 /* SplashScreen.storyboard in Resources */,
				D888937CBF1A4E3F9EC1CEB6 /* PrivacyInfo.xcprivacy in Resources */,
			);
			runOnlyForDeploymentPostprocessing = 0;
		};
/* End PBXResourcesBuildPhase section */

/* Begin PBXShellScriptBuildPhase section */
		00DD1BFF1BD5951E006B06BC /* Bundle React Native code and images */ = {
			isa = PBXShellScriptBuildPhase;
			alwaysOutOfDate = 1;
			buildActionMask = 2147483647;
			files = (
			);
			inputPaths = (
				"$(SRCROOT)/.xcode.env",
				"$(SRCROOT)/.xcode.env.local",
			);
			name = "Bundle React Native code and images";
			outputPaths = (
			);
			runOnlyForDeploymentPostprocessing = 0;
			shellPath = /bin/sh;
			shellScript = "if [[ -f \"$PODS_ROOT/../.xcode.env\" ]]; then\n  source \"$PODS_ROOT/../.xcode.env\"\nfi\nif [[ -f \"$PODS_ROOT/../.xcode.env.local\" ]]; then\n  source \"$PODS_ROOT/../.xcode.env.local\"\nfi\n\n# The project root by default is one level up from the ios directory\nexport PROJECT_ROOT=\"$PROJECT_DIR\"/..\n\nif [[ \"$CONFIGURATION\" = *Debug* ]]; then\n  export SKIP_BUNDLING=1\nfi\nif [[ -z \"$ENTRY_FILE\" ]]; then\n  # Set the entry JS file using the bundler's entry resolution.\n  export ENTRY_FILE=\"$(\"$NODE_BINARY\" -e \"require('expo/scripts/resolveAppEntry')\" \"$PROJECT_ROOT\" ios absolute | tail -n 1)\"\nfi\n\nif [[ -z \"$CLI_PATH\" ]]; then\n  # Use Expo CLI\n  export CLI_PATH=\"$(\"$NODE_BINARY\" --print \"require.resolve('@expo/cli', { paths: [require.resolve('expo/package.json')] })\")\"\nfi\nif [[ -z \"$BUNDLE_COMMAND\" ]]; then\n  # Default Expo CLI command for bundling\n  export BUNDLE_COMMAND=\"export:embed\"\nfi\n\n# Source .xcode.env.updates if it exists to allow\n# SKIP_BUNDLING to be unset if needed\nif [[ -f \"$PODS_ROOT/../.xcode.env.updates\" ]]; then\n  source \"$PODS_ROOT/../.xcode.env.updates\"\nfi\n# Source local changes to allow overrides\n# if needed\nif [[ -f \"$PODS_ROOT/../.xcode.env.local\" ]]; then\n  source \"$PODS_ROOT/../.xcode.env.local\"\nfi\n\n/bin/sh `\"$NODE_BINARY\" --print \"require('path').dirname(require.resolve('@sentry/react-native/package.json')) + '/scripts/sentry-xcode.sh'\"` `\"$NODE_BINARY\" --print \"require('path').dirname(require.resolve('react-native/package.json')) + '/scripts/react-native-xcode.sh'\"`\n\n";
		};
		067C14C33AD641FD8AAFAA19 /* [Expo Dev Launcher] Strip Local Network Keys for Release */ = {
			isa = PBXShellScriptBuildPhase;
			buildActionMask = 2147483647;
			files = (
			);
			inputPaths = (
			);
			name = "[Expo Dev Launcher] Strip Local Network Keys for Release";
			outputPaths = (
			);
			runOnlyForDeploymentPostprocessing = 0;
			shellPath = /bin/sh;
			shellScript = "# Strip dev-launcher-specific local network permission keys from non-Debug builds\n# This only removes _expo._tcp Bonjour services and the dev-launcher usage description.\n# Other Bonjour services and custom descriptions are preserved for production use.\n\nif [ \"$CONFIGURATION\" != \"Debug\" ]; then\n  PLIST_PATH=\"${TARGET_BUILD_DIR}/${INFOPLIST_PATH}\"\n  if [ -f \"$PLIST_PATH\" ]; then\n    # Check if NSBonjourServices exists\n    if /usr/libexec/PlistBuddy -c \"Print :NSBonjourServices\" \"$PLIST_PATH\" >/dev/null 2>&1; then\n      # Get the count of services\n      COUNT=$(/usr/libexec/PlistBuddy -c \"Print :NSBonjourServices\" \"$PLIST_PATH\" 2>/dev/null | grep \"^    \" | wc -l | tr -d ' ')\n\n      # Remove _expo._tcp\n      for ((i=COUNT-1; i>=0; i--)); do\n        SERVICE=$(/usr/libexec/PlistBuddy -c \"Print :NSBonjourServices:$i\" \"$PLIST_PATH\" 2>/dev/null || echo \"\")\n        if echo \"$SERVICE\" | grep -q \"_expo._tcp\"; then\n          /usr/libexec/PlistBuddy -c \"Delete :NSBonjourServices:$i\" \"$PLIST_PATH\" 2>/dev/null || true\n        fi\n      done\n\n      # If the array is now empty, remove it entirely\n      REMAINING=$(/usr/libexec/PlistBuddy -c \"Print :NSBonjourServices\" \"$PLIST_PATH\" 2>/dev/null | grep \"^    \" | wc -l | tr -d ' ')\n      if [ \"$REMAINING\" -eq \"0\" ]; then\n        /usr/libexec/PlistBuddy -c \"Delete :NSBonjourServices\" \"$PLIST_PATH\" 2>/dev/null || true\n      fi\n    fi\n\n    # Only delete the description if it matches the dev-launcher default text\n    DESC=$(/usr/libexec/PlistBuddy -c \"Print :NSLocalNetworkUsageDescription\" \"$PLIST_PATH\" 2>/dev/null || echo \"\")\n    if echo \"$DESC\" | grep -q \"Expo Dev Launcher\"; then\n      /usr/libexec/PlistBuddy -c \"Delete :NSLocalNetworkUsageDescription\" \"$PLIST_PATH\" 2>/dev/null || true\n    fi\n  fi\nfi\n";
		};
		07055FF6125E111527E2EB4F /* [CP] Check Pods Manifest.lock */ = {
			isa = PBXShellScriptBuildPhase;
			buildActionMask = 2147483647;
			files = (
			);
			inputFileListPaths = (
			);
			inputPaths = (
				"${PODS_PODFILE_DIR_PATH}/Podfile.lock",
				"${PODS_ROOT}/Manifest.lock",
			);
			name = "[CP] Check Pods Manifest.lock";
			outputFileListPaths = (
			);
			outputPaths = (
				"$(DERIVED_FILE_DIR)/Pods-ExpoWidgetsTarget-checkManifestLockResult.txt",
			);
			runOnlyForDeploymentPostprocessing = 0;
			shellPath = /bin/sh;
			shellScript = "diff \"${PODS_PODFILE_DIR_PATH}/Podfile.lock\" \"${PODS_ROOT}/Manifest.lock\" > /dev/null\nif [ $? != 0 ] ; then\n    # print error to STDERR\n    echo \"error: The sandbox is not in sync with the Podfile.lock. Run 'pod install' or update your CocoaPods installation.\" >&2\n    exit 1\nfi\n# This output is used by Xcode 'outputs' to avoid re-running this script phase.\necho \"SUCCESS\" > \"${SCRIPT_OUTPUT_FILE_0}\"\n";
			showEnvVarsInLog = 0;
		};
		08A4A3CD28434E44B6B9DE2E /* [CP] Check Pods Manifest.lock */ = {
			isa = PBXShellScriptBuildPhase;
			buildActionMask = 2147483647;
			files = (
			);
			inputFileListPaths = (
			);
			inputPaths = (
				"${PODS_PODFILE_DIR_PATH}/Podfile.lock",
				"${PODS_ROOT}/Manifest.lock",
			);
			name = "[CP] Check Pods Manifest.lock";
			outputFileListPaths = (
			);
			outputPaths = (
				"$(DERIVED_FILE_DIR)/Pods-CulturePass-checkManifestLockResult.txt",
			);
			runOnlyForDeploymentPostprocessing = 0;
			shellPath = /bin/sh;
			shellScript = "diff \"${PODS_PODFILE_DIR_PATH}/Podfile.lock\" \"${PODS_ROOT}/Manifest.lock\" > /dev/null\nif [ $? != 0 ] ; then\n    # print error to STDERR\n    echo \"error: The sandbox is not in sync with the Podfile.lock. Run 'pod install' or update your CocoaPods installation.\" >&2\n    exit 1\nfi\n# This output is used by Xcode 'outputs' to avoid re-running this script phase.\necho \"SUCCESS\" > \"${SCRIPT_OUTPUT_FILE_0}\"\n";
			showEnvVarsInLog = 0;
		};
		2D25B1DE8C4E9B105D5B93C9 /* [Expo] Configure project */ = {
			isa = PBXShellScriptBuildPhase;
			alwaysOutOfDate = 1;
			buildActionMask = 2147483647;
			files = (
			);
			inputFileListPaths = (
			);
			inputPaths = (
				"$(SRCROOT)/.xcode.env",
				"$(SRCROOT)/.xcode.env.local",
				"$(SRCROOT)/ExpoWidgetsTarget/ExpoWidgetsTarget.entitlements",
				"$(SRCROOT)/Pods/Target Support Files/Pods-ExpoWidgetsTarget/expo-configure-project.sh",
			);
			name = "[Expo] Configure project";
			outputFileListPaths = (
			);
			outputPaths = (
				"$(SRCROOT)/Pods/Target Support Files/Pods-ExpoWidgetsTarget/ExpoModulesProvider.swift",
			);
			runOnlyForDeploymentPostprocessing = 0;
			shellPath = /bin/sh;
			shellScript = "# This script configures Expo modules and generates the modules provider file.\nbash -l -c \"./Pods/Target\\ Support\\ Files/Pods-ExpoWidgetsTarget/expo-configure-project.sh\"\n";
		};
		58337906D6C8CBD554C002E8 /* [Expo] Configure project */ = {
			isa = PBXShellScriptBuildPhase;
			alwaysOutOfDate = 1;
			buildActionMask = 2147483647;
			files = (
			);
			inputFileListPaths = (
			);
			inputPaths = (
				"$(SRCROOT)/.xcode.env",
				"$(SRCROOT)/.xcode.env.local",
				"$(SRCROOT)/CulturePass/CulturePass.entitlements",
				"$(SRCROOT)/Pods/Target Support Files/Pods-CulturePass/expo-configure-project.sh",
			);
			name = "[Expo] Configure project";
			outputFileListPaths = (
			);
			outputPaths = (
				"$(SRCROOT)/Pods/Target Support Files/Pods-CulturePass/ExpoModulesProvider.swift",
			);
			runOnlyForDeploymentPostprocessing = 0;
			shellPath = /bin/sh;
			shellScript = "# This script configures Expo modules and generates the modules provider file.\nbash -l -c \"./Pods/Target\\ Support\\ Files/Pods-CulturePass/expo-configure-project.sh\"\n";
		};
		800E24972A6A228C8D4807E9 /* [CP] Copy Pods Resources */ = {
			isa = PBXShellScriptBuildPhase;
			buildActionMask = 2147483647;
			files = (
			);
			inputPaths = (
				"${PODS_ROOT}/Target Support Files/Pods-CulturePass/Pods-CulturePass-resources.sh",
				"${PODS_CONFIGURATION_BUILD_DIR}/AppAuth/AppAuthCore_Privacy.bundle",
				"${PODS_CONFIGURATION_BUILD_DIR}/EXApplication/ExpoApplication_privacy.bundle",
				"${PODS_CONFIGURATION_BUILD_DIR}/EXConstants/EXConstants.bundle",
				"${PODS_CONFIGURATION_BUILD_DIR}/EXConstants/ExpoConstants_privacy.bundle",
				"${PODS_CONFIGURATION_BUILD_DIR}/EXUpdates/EXUpdates.bundle",
				"${PODS_CONFIGURATION_BUILD_DIR}/ExpoDevice/ExpoDevice_privacy.bundle",
				"${PODS_CONFIGURATION_BUILD_DIR}/ExpoFileSystem/ExpoFileSystem_privacy.bundle",
				"${PODS_CONFIGURATION_BUILD_DIR}/ExpoLocalization/ExpoLocalization_privacy.bundle",
				"${PODS_CONFIGURATION_BUILD_DIR}/ExpoNotifications/ExpoNotifications_privacy.bundle",
				"${PODS_CONFIGURATION_BUILD_DIR}/ExpoSystemUI/ExpoSystemUI_privacy.bundle",
				"${PODS_CONFIGURATION_BUILD_DIR}/ExpoWidgets/ExpoWidgets.bundle",
				"${PODS_CONFIGURATION_BUILD_DIR}/GTMAppAuth/GTMAppAuth_Privacy.bundle",
				"${PODS_CONFIGURATION_BUILD_DIR}/GTMSessionFetcher/GTMSessionFetcher_Core_Privacy.bundle",
				"${PODS_CONFIGURATION_BUILD_DIR}/GoogleMaps/GoogleMapsResources.bundle",
				"${PODS_CONFIGURATION_BUILD_DIR}/GoogleSignIn/GoogleSignIn.bundle",
				"${PODS_CONFIGURATION_BUILD_DIR}/GoogleUtilities/GoogleUtilities_Privacy.bundle",
				"${PODS_CONFIGURATION_BUILD_DIR}/PromisesObjC/FBLPromises_Privacy.bundle",
				"${PODS_CONFIGURATION_BUILD_DIR}/RNCAsyncStorage/RNCAsyncStorage_resources.bundle",
				"${PODS_CONFIGURATION_BUILD_DIR}/RNSVG/RNSVGFilters.bundle",
				"${PODS_CONFIGURATION_BUILD_DIR}/ReachabilitySwift/ReachabilitySwift.bundle",
				"${PODS_CONFIGURATION_BUILD_DIR}/React-Core/React-Core_privacy.bundle",
				"${PODS_CONFIGURATION_BUILD_DIR}/React-cxxreact/React-cxxreact_privacy.bundle",
				"${PODS_CONFIGURATION_BUILD_DIR}/Sentry/Sentry.bundle",
				"${PODS_CONFIGURATION_BUILD_DIR}/Stripe/StripeBundle.bundle",
				"${PODS_CONFIGURATION_BUILD_DIR}/StripeCore/StripeCoreBundle.bundle",
				"${PODS_CONFIGURATION_BUILD_DIR}/StripeFinancialConnections/StripeFinancialConnectionsBundle.bundle",
				"${PODS_CONFIGURATION_BUILD_DIR}/StripePaymentSheet/StripePaymentSheetBundle.bundle",
				"${PODS_CONFIGURATION_BUILD_DIR}/StripePayments/StripePaymentsBundle.bundle",
				"${PODS_CONFIGURATION_BUILD_DIR}/StripePayments/Stripe3DS2.bundle",
				"${PODS_CONFIGURATION_BUILD_DIR}/StripePaymentsUI/StripePaymentsUIBundle.bundle",
				"${PODS_CONFIGURATION_BUILD_DIR}/StripeUICore/StripeUICoreBundle.bundle",
				"${PODS_CONFIGURATION_BUILD_DIR}/expo-dev-launcher/EXDevLauncher.bundle",
				"${PODS_CONFIGURATION_BUILD_DIR}/expo-dev-menu/EXDevMenu.bundle",
				"${PODS_CONFIGURATION_BUILD_DIR}/react-native-maps/GoogleMapsPrivacy.bundle",
			);
			name = "[CP] Copy Pods Resources";
			outputPaths = (
				"${TARGET_BUILD_DIR}/${UNLOCALIZED_RESOURCES_FOLDER_PATH}/AppAuthCore_Privacy.bundle",
				"${TARGET_BUILD_DIR}/${UNLOCALIZED_RESOURCES_FOLDER_PATH}/ExpoApplication_privacy.bundle",
				"${TARGET_BUILD_DIR}/${UNLOCALIZED_RESOURCES_FOLDER_PATH}/EXConstants.bundle",
				"${TARGET_BUILD_DIR}/${UNLOCALIZED_RESOURCES_FOLDER_PATH}/ExpoConstants_privacy.bundle",
				"${TARGET_BUILD_DIR}/${UNLOCALIZED_RESOURCES_FOLDER_PATH}/EXUpdates.bundle",
				"${TARGET_BUILD_DIR}/${UNLOCALIZED_RESOURCES_FOLDER_PATH}/ExpoDevice_privacy.bundle",
				"${TARGET_BUILD_DIR}/${UNLOCALIZED_RESOURCES_FOLDER_PATH}/ExpoFileSystem_privacy.bundle",
				"${TARGET_BUILD_DIR}/${UNLOCALIZED_RESOURCES_FOLDER_PATH}/ExpoLocalization_privacy.bundle",
				"${TARGET_BUILD_DIR}/${UNLOCALIZED_RESOURCES_FOLDER_PATH}/ExpoNotifications_privacy.bundle",
				"${TARGET_BUILD_DIR}/${UNLOCALIZED_RESOURCES_FOLDER_PATH}/ExpoSystemUI_privacy.bundle",
				"${TARGET_BUILD_DIR}/${UNLOCALIZED_RESOURCES_FOLDER_PATH}/ExpoWidgets.bundle",
				"${TARGET_BUILD_DIR}/${UNLOCALIZED_RESOURCES_FOLDER_PATH}/GTMAppAuth_Privacy.bundle",
				"${TARGET_BUILD_DIR}/${UNLOCALIZED_RESOURCES_FOLDER_PATH}/GTMSessionFetcher_Core_Privacy.bundle",
				"${TARGET_BUILD_DIR}/${UNLOCALIZED_RESOURCES_FOLDER_PATH}/GoogleMapsResources.bundle",
				"${TARGET_BUILD_DIR}/${UNLOCALIZED_RESOURCES_FOLDER_PATH}/GoogleSignIn.bundle",
				"${TARGET_BUILD_DIR}/${UNLOCALIZED_RESOURCES_FOLDER_PATH}/GoogleUtilities_Privacy.bundle",
				"${TARGET_BUILD_DIR}/${UNLOCALIZED_RESOURCES_FOLDER_PATH}/FBLPromises_Privacy.bundle",
				"${TARGET_BUILD_DIR}/${UNLOCALIZED_RESOURCES_FOLDER_PATH}/RNCAsyncStorage_resources.bundle",
				"${TARGET_BUILD_DIR}/${UNLOCALIZED_RESOURCES_FOLDER_PATH}/RNSVGFilters.bundle",
				"${TARGET_BUILD_DIR}/${UNLOCALIZED_RESOURCES_FOLDER_PATH}/ReachabilitySwift.bundle",
				"${TARGET_BUILD_DIR}/${UNLOCALIZED_RESOURCES_FOLDER_PATH}/React-Core_privacy.bundle",
				"${TARGET_BUILD_DIR}/${UNLOCALIZED_RESOURCES_FOLDER_PATH}/React-cxxreact_privacy.bundle",
				"${TARGET_BUILD_DIR}/${UNLOCALIZED_RESOURCES_FOLDER_PATH}/Sentry.bundle",
				"${TARGET_BUILD_DIR}/${UNLOCALIZED_RESOURCES_FOLDER_PATH}/StripeBundle.bundle",
				"${TARGET_BUILD_DIR}/${UNLOCALIZED_RESOURCES_FOLDER_PATH}/StripeCoreBundle.bundle",
				"${TARGET_BUILD_DIR}/${UNLOCALIZED_RESOURCES_FOLDER_PATH}/StripeFinancialConnectionsBundle.bundle",
				"${TARGET_BUILD_DIR}/${UNLOCALIZED_RESOURCES_FOLDER_PATH}/StripePaymentSheetBundle.bundle",
				"${TARGET_BUILD_DIR}/${UNLOCALIZED_RESOURCES_FOLDER_PATH}/StripePaymentsBundle.bundle",
				"${TARGET_BUILD_DIR}/${UNLOCALIZED_RESOURCES_FOLDER_PATH}/Stripe3DS2.bundle",
				"${TARGET_BUILD_DIR}/${UNLOCALIZED_RESOURCES_FOLDER_PATH}/StripePaymentsUIBundle.bundle",
				"${TARGET_BUILD_DIR}/${UNLOCALIZED_RESOURCES_FOLDER_PATH}/StripeUICoreBundle.bundle",
				"${TARGET_BUILD_DIR}/${UNLOCALIZED_RESOURCES_FOLDER_PATH}/EXDevLauncher.bundle",
				"${TARGET_BUILD_DIR}/${UNLOCALIZED_RESOURCES_FOLDER_PATH}/EXDevMenu.bundle",
				"${TARGET_BUILD_DIR}/${UNLOCALIZED_RESOURCES_FOLDER_PATH}/GoogleMapsPrivacy.bundle",
			);
			runOnlyForDeploymentPostprocessing = 0;
			shellPath = /bin/sh;
			shellScript = "\"${PODS_ROOT}/Target Support Files/Pods-CulturePass/Pods-CulturePass-resources.sh\"\n";
			showEnvVarsInLog = 0;
		};
		9AB322A78C0D45CBB755F400 /* Upload Debug Symbols to Sentry */ = {
			isa = PBXShellScriptBuildPhase;
			buildActionMask = 2147483647;
			files = (
			);
			inputPaths = (
			);
			name = "Upload Debug Symbols to Sentry";
			outputPaths = (
			);
			runOnlyForDeploymentPostprocessing = 0;
			shellPath = /bin/sh;
			shellScript = "/bin/sh `${NODE_BINARY:-node} --print \"require('path').dirname(require.resolve('@sentry/react-native/package.json')) + '/scripts/sentry-xcode-debug-files.sh'\"`";
		};
		C2F152D0953304CAC6933BB5 /* [CP] Copy Pods Resources */ = {
			isa = PBXShellScriptBuildPhase;
			buildActionMask = 2147483647;
			files = (
			);
			inputPaths = (
				"${PODS_ROOT}/Target Support Files/Pods-ExpoWidgetsTarget/Pods-ExpoWidgetsTarget-resources.sh",
				"${PODS_CONFIGURATION_BUILD_DIR}/ExpoWidgets/ExpoWidgets.bundle",
				"${PODS_CONFIGURATION_BUILD_DIR}/React-Core/React-Core_privacy.bundle",
				"${PODS_CONFIGURATION_BUILD_DIR}/React-cxxreact/React-cxxreact_privacy.bundle",
			);
			name = "[CP] Copy Pods Resources";
			outputPaths = (
				"${TARGET_BUILD_DIR}/${UNLOCALIZED_RESOURCES_FOLDER_PATH}/ExpoWidgets.bundle",
				"${TARGET_BUILD_DIR}/${UNLOCALIZED_RESOURCES_FOLDER_PATH}/React-Core_privacy.bundle",
				"${TARGET_BUILD_DIR}/${UNLOCALIZED_RESOURCES_FOLDER_PATH}/React-cxxreact_privacy.bundle",
			);
			runOnlyForDeploymentPostprocessing = 0;
			shellPath = /bin/sh;
			shellScript = "\"${PODS_ROOT}/Target Support Files/Pods-ExpoWidgetsTarget/Pods-ExpoWidgetsTarget-resources.sh\"\n";
			showEnvVarsInLog = 0;
		};
		F2B9EBC7FB6AD114D138E371 /* [CP] Embed Pods Frameworks */ = {
			isa = PBXShellScriptBuildPhase;
			buildActionMask = 2147483647;
			files = (
			);
			inputPaths = (
				"${PODS_ROOT}/Target Support Files/Pods-CulturePass/Pods-CulturePass-frameworks.sh",
				"${PODS_XCFRAMEWORKS_BUILD_DIR}/ExpoCamera/ExpoCamera.framework/ExpoCamera",
				"${PODS_XCFRAMEWORKS_BUILD_DIR}/ExpoCameraBarcodeScanning/ExpoCameraBarcodeScanning.framework/ExpoCameraBarcodeScanning",
				"${PODS_XCFRAMEWORKS_BUILD_DIR}/ExpoCameraBarcodeScanning/ZXingObjC.framework/ZXingObjC",
				"${PODS_XCFRAMEWORKS_BUILD_DIR}/ExpoContacts/ExpoContacts.framework/ExpoContacts",
				"${PODS_XCFRAMEWORKS_BUILD_DIR}/ExpoFileSystem/ExpoFileSystem.framework/ExpoFileSystem",
				"${PODS_XCFRAMEWORKS_BUILD_DIR}/ExpoFont/ExpoFont.framework/ExpoFont",
				"${PODS_XCFRAMEWORKS_BUILD_DIR}/ExpoImage/ExpoImage.framework/ExpoImage",
				"${PODS_XCFRAMEWORKS_BUILD_DIR}/ExpoImage/SDWebImage.framework/SDWebImage",
				"${PODS_XCFRAMEWORKS_BUILD_DIR}/ExpoImage/SDWebImageAVIFCoder.framework/SDWebImageAVIFCoder",
				"${PODS_XCFRAMEWORKS_BUILD_DIR}/ExpoImage/SDWebImageSVGCoder.framework/SDWebImageSVGCoder",
				"${PODS_XCFRAMEWORKS_BUILD_DIR}/ExpoImage/SDWebImageWebPCoder.framework/SDWebImageWebPCoder",
				"${PODS_XCFRAMEWORKS_BUILD_DIR}/ExpoImage/libavif.framework/libavif",
				"${PODS_XCFRAMEWORKS_BUILD_DIR}/ExpoImageManipulator/ExpoImageManipulator.framework/ExpoImageManipulator",
				"${PODS_XCFRAMEWORKS_BUILD_DIR}/ExpoLocation/ExpoLocation.framework/ExpoLocation",
				"${PODS_XCFRAMEWORKS_BUILD_DIR}/ExpoModulesCore/ExpoModulesCore.framework/ExpoModulesCore",
				"${PODS_XCFRAMEWORKS_BUILD_DIR}/ExpoModulesJSI/ExpoModulesJSI.framework/ExpoModulesJSI",
				"${PODS_XCFRAMEWORKS_BUILD_DIR}/ExpoModulesWorklets/ExpoModulesWorklets.framework/ExpoModulesWorklets",
				"${PODS_XCFRAMEWORKS_BUILD_DIR}/React-Core-prebuilt/React.framework/React",
				"${PODS_XCFRAMEWORKS_BUILD_DIR}/ReactNativeDependencies/ReactNativeDependencies.framework/ReactNativeDependencies",
				"${PODS_XCFRAMEWORKS_BUILD_DIR}/hermes-engine/Pre-built/hermesvm.framework/hermesvm",
			);
			name = "[CP] Embed Pods Frameworks";
			outputPaths = (
				"${TARGET_BUILD_DIR}/${FRAMEWORKS_FOLDER_PATH}/ExpoCamera.framework",
				"${TARGET_BUILD_DIR}/${FRAMEWORKS_FOLDER_PATH}/ExpoCameraBarcodeScanning.framework",
				"${TARGET_BUILD_DIR}/${FRAMEWORKS_FOLDER_PATH}/ZXingObjC.framework",
				"${TARGET_BUILD_DIR}/${FRAMEWORKS_FOLDER_PATH}/ExpoContacts.framework",
				"${TARGET_BUILD_DIR}/${FRAMEWORKS_FOLDER_PATH}/ExpoFileSystem.framework",
				"${TARGET_BUILD_DIR}/${FRAMEWORKS_FOLDER_PATH}/ExpoFont.framework",
				"${TARGET_BUILD_DIR}/${FRAMEWORKS_FOLDER_PATH}/ExpoImage.framework",
				"${TARGET_BUILD_DIR}/${FRAMEWORKS_FOLDER_PATH}/SDWebImage.framework",
				"${TARGET_BUILD_DIR}/${FRAMEWORKS_FOLDER_PATH}/SDWebImageAVIFCoder.framework",
				"${TARGET_BUILD_DIR}/${FRAMEWORKS_FOLDER_PATH}/SDWebImageSVGCoder.framework",
				"${TARGET_BUILD_DIR}/${FRAMEWORKS_FOLDER_PATH}/SDWebImageWebPCoder.framework",
				"${TARGET_BUILD_DIR}/${FRAMEWORKS_FOLDER_PATH}/libavif.framework",
				"${TARGET_BUILD_DIR}/${FRAMEWORKS_FOLDER_PATH}/ExpoImageManipulator.framework",
				"${TARGET_BUILD_DIR}/${FRAMEWORKS_FOLDER_PATH}/ExpoLocation.framework",
				"${TARGET_BUILD_DIR}/${FRAMEWORKS_FOLDER_PATH}/ExpoModulesCore.framework",
				"${TARGET_BUILD_DIR}/${FRAMEWORKS_FOLDER_PATH}/ExpoModulesJSI.framework",
				"${TARGET_BUILD_DIR}/${FRAMEWORKS_FOLDER_PATH}/ExpoModulesWorklets.framework",
				"${TARGET_BUILD_DIR}/${FRAMEWORKS_FOLDER_PATH}/React.framework",
				"${TARGET_BUILD_DIR}/${FRAMEWORKS_FOLDER_PATH}/ReactNativeDependencies.framework",
				"${TARGET_BUILD_DIR}/${FRAMEWORKS_FOLDER_PATH}/hermesvm.framework",
			);
			runOnlyForDeploymentPostprocessing = 0;
			shellPath = /bin/sh;
			shellScript = "\"${PODS_ROOT}/Target Support Files/Pods-CulturePass/Pods-CulturePass-frameworks.sh\"\n";
			showEnvVarsInLog = 0;
		};
/* End PBXShellScriptBuildPhase section */

/* Begin PBXSourcesBuildPhase section */
		13B07F871A680F5B00A75B9A /* Sources */ = {
			isa = PBXSourcesBuildPhase;
			buildActionMask = 2147483647;
			files = (
				F11748422D0307B40044C1D9 /* AppDelegate.swift in Sources */,
				FC370DA4410E4B32900CEECE /* noop-file.swift in Sources */,
				7CED30776D78A9F4A0D9760F /* ExpoModulesProvider.swift in Sources */,
			);
			runOnlyForDeploymentPostprocessing = 0;
		};
		AB2154389657479A8FB963ED /* Sources */ = {
			isa = PBXSourcesBuildPhase;
			buildActionMask = 2147483647;
			files = (
				9F31602A19A34B439D326C67 /* index.swift in Sources */,
				35ECC9AABBAA4C599075869A /* CultureSpotlightWidget.swift in Sources */,
				89548943AC2E4761A9836D25 /* CultureNearYouWidget.swift in Sources */,
				E8266D0A1FAA47718EB48436 /* CultureIdentityQRWidget.swift in Sources */,
				31DCD516F7D646279410107F /* CultureUpcomingTicketWidget.swift in Sources */,
				6E4E8EA4C2F943D9B40D4C64 /* CulturePassWatchWidget.swift in Sources */,
				173D85911D4540D786900C7C /* CultureMembershipWidget.swift in Sources */,
				23C1330CB7C747936E2E2836 /* ExpoModulesProvider.swift in Sources */,
			);
			runOnlyForDeploymentPostprocessing = 0;
		};
/* End PBXSourcesBuildPhase section */

/* Begin PBXTargetDependency section */
		7D5CA4632E674414B6AFAB87 /* PBXTargetDependency */ = {
			isa = PBXTargetDependency;
			target = 4EF3C006F9C84D9A95BCAA1B /* ExpoWidgetsTarget */;
			targetProxy = 29BB5295636547EB978DB5B3 /* PBXContainerItemProxy */;
		};
/* End PBXTargetDependency section */

/* Begin XCBuildConfiguration section */
		13B07F941A680F5B00A75B9A /* Debug */ = {
			isa = XCBuildConfiguration;
			baseConfigurationReference = 9C50C7D5D020AFA195970E33 /* Pods-CulturePass.debug.xcconfig */;
			buildSettings = {
				ASSETCATALOG_COMPILER_APPICON_NAME = AppIcon;
				CLANG_ENABLE_MODULES = YES;
				CODE_SIGN_ENTITLEMENTS = CulturePass/CulturePass.entitlements;
				CURRENT_PROJECT_VERSION = 1;
				DEVELOPMENT_TEAM = 26WGXSNG58;
				ENABLE_BITCODE = NO;
				GCC_PREPROCESSOR_DEFINITIONS = (
					"$(inherited)",
					"FB_SONARKIT_ENABLED=1",
				);
				INFOPLIST_FILE = CulturePass/Info.plist;
				IPHONEOS_DEPLOYMENT_TARGET = 16.4;
				LD_RUNPATH_SEARCH_PATHS = (
					"$(inherited)",
					"@executable_path/Frameworks",
				);
				MACOSX_DEPLOYMENT_TARGET = 13.4;
				MARKETING_VERSION = 1.0;
				OTHER_LDFLAGS = (
					"$(inherited)",
					"-ObjC",
					"-lc++",
				);
				OTHER_SWIFT_FLAGS = "$(inherited) -D EXPO_CONFIGURATION_DEBUG";
				PRODUCT_BUNDLE_IDENTIFIER = au.culturepass.app;
				PRODUCT_NAME = CulturePass;
				SWIFT_OBJC_BRIDGING_HEADER = "CulturePass/CulturePass-Bridging-Header.h";
				SWIFT_OPTIMIZATION_LEVEL = "-Onone";
				SWIFT_VERSION = 5.0;
				TARGETED_DEVICE_FAMILY = "1,2";
				VERSIONING_SYSTEM = "apple-generic";
			};
			name = Debug;
		};
		13B07F951A680F5B00A75B9A /* Release */ = {
			isa = XCBuildConfiguration;
			baseConfigurationReference = 719A0D1F4C23F80374EC979D /* Pods-CulturePass.release.xcconfig */;
			buildSettings = {
				ASSETCATALOG_COMPILER_APPICON_NAME = AppIcon;
				CLANG_ENABLE_MODULES = YES;
				CODE_SIGN_ENTITLEMENTS = CulturePass/CulturePass.entitlements;
				CURRENT_PROJECT_VERSION = 1;
				DEVELOPMENT_TEAM = 26WGXSNG58;
				INFOPLIST_FILE = CulturePass/Info.plist;
				IPHONEOS_DEPLOYMENT_TARGET = 16.4;
				LD_RUNPATH_SEARCH_PATHS = (
					"$(inherited)",
					"@executable_path/Frameworks",
				);
				MACOSX_DEPLOYMENT_TARGET = 13.4;
				MARKETING_VERSION = 1.0;
				OTHER_LDFLAGS = (
					"$(inherited)",
					"-ObjC",
					"-lc++",
				);
				OTHER_SWIFT_FLAGS = "$(inherited) -D EXPO_CONFIGURATION_RELEASE";
				PRODUCT_BUNDLE_IDENTIFIER = au.culturepass.app;
				PRODUCT_NAME = CulturePass;
				SWIFT_OBJC_BRIDGING_HEADER = "CulturePass/CulturePass-Bridging-Header.h";
				SWIFT_VERSION = 5.0;
				TARGETED_DEVICE_FAMILY = "1,2";
				VERSIONING_SYSTEM = "apple-generic";
			};
			name = Release;
		};
		6C24180FD04C4E43BE443407 /* Debug */ = {
			isa = XCBuildConfiguration;
			baseConfigurationReference = 82F7B931452AE02BD196D39B /* Pods-ExpoWidgetsTarget.debug.xcconfig */;
			buildSettings = {
				APPLICATION_EXTENSION_API_ONLY = YES;
				CODE_SIGN_ENTITLEMENTS = ExpoWidgetsTarget/ExpoWidgetsTarget.entitlements;
				CURRENT_PROJECT_VERSION = 27;
				DEVELOPMENT_TEAM = 26WGXSNG58;
				GENERATE_INFOPLIST_FILE = YES;
				INFOPLIST_FILE = ExpoWidgetsTarget/Info.plist;
				INFOPLIST_KEY_CFBundleDisplayName = ExpoWidgetsTarget;
				INFOPLIST_KEY_NSHumanReadableCopyright = "";
				IPHONEOS_DEPLOYMENT_TARGET = 16.4;
				MARKETING_VERSION = 1.3.0;
				OTHER_SWIFT_FLAGS = "$(inherited) -D EXPO_CONFIGURATION_DEBUG";
				PRODUCT_BUNDLE_IDENTIFIER = au.culturepass.app.widgets;
				PRODUCT_NAME = "$(TARGET_NAME)";
				SWIFT_OPTIMIZATION_LEVEL = "-Onone";
				SWIFT_VERSION = 5.0;
				TARGETED_DEVICE_FAMILY = "1,2";
			};
			name = Debug;
		};
		83CBBA201A601CBA00E9B192 /* Debug */ = {
			isa = XCBuildConfiguration;
			buildSettings = {
				ALWAYS_SEARCH_USER_PATHS = NO;
				CLANG_ANALYZER_LOCALIZABILITY_NONLOCALIZED = YES;
				CLANG_CXX_LANGUAGE_STANDARD = "c++20";
				CLANG_CXX_LIBRARY = "libc++";
				CLANG_ENABLE_MODULES = YES;
				CLANG_ENABLE_OBJC_ARC = YES;
				CLANG_WARN_BLOCK_CAPTURE_AUTORELEASING = YES;
				CLANG_WARN_BOOL_CONVERSION = YES;
				CLANG_WARN_COMMA = YES;
				CLANG_WARN_CONSTANT_CONVERSION = YES;
				CLANG_WARN_DEPRECATED_OBJC_IMPLEMENTATIONS = YES;
				CLANG_WARN_DIRECT_OBJC_ISA_USAGE = YES_ERROR;
				CLANG_WARN_EMPTY_BODY = YES;
				CLANG_WARN_ENUM_CONVERSION = YES;
				CLANG_WARN_INFINITE_RECURSION = YES;
				CLANG_WARN_INT_CONVERSION = YES;
				CLANG_WARN_NON_LITERAL_NULL_CONVERSION = YES;
				CLANG_WARN_OBJC_IMPLICIT_RETAIN_SELF = YES;
				CLANG_WARN_OBJC_LITERAL_CONVERSION = YES;
				CLANG_WARN_OBJC_ROOT_CLASS = YES_ERROR;
				CLANG_WARN_RANGE_LOOP_ANALYSIS = YES;
				CLANG_WARN_STRICT_PROTOTYPES = YES;
				CLANG_WARN_SUSPICIOUS_MOVE = YES;
				CLANG_WARN_UNREACHABLE_CODE = YES;
				CLANG_WARN__DUPLICATE_METHOD_MATCH = YES;
				"CODE_SIGN_IDENTITY[sdk=iphoneos*]" = "iPhone Developer";
				COPY_PHASE_STRIP = NO;
				ENABLE_STRICT_OBJC_MSGSEND = YES;
				ENABLE_TESTABILITY = YES;
				GCC_C_LANGUAGE_STANDARD = gnu99;
				GCC_DYNAMIC_NO_PIC = NO;
				GCC_NO_COMMON_BLOCKS = YES;
				GCC_OPTIMIZATION_LEVEL = 0;
				GCC_PREPROCESSOR_DEFINITIONS = (
					"DEBUG=1",
					"$(inherited)",
				);
				GCC_SYMBOLS_PRIVATE_EXTERN = NO;
				GCC_WARN_64_TO_32_BIT_CONVERSION = YES;
				GCC_WARN_ABOUT_RETURN_TYPE = YES_ERROR;
				GCC_WARN_UNDECLARED_SELECTOR = YES;
				GCC_WARN_UNINITIALIZED_AUTOS = YES_AGGRESSIVE;
				GCC_WARN_UNUSED_FUNCTION = YES;
				GCC_WARN_UNUSED_VARIABLE = YES;
				IPHONEOS_DEPLOYMENT_TARGET = 16.4;
				LD_RUNPATH_SEARCH_PATHS = (
					/usr/lib/swift,
					"$(inherited)",
				);
				LIBRARY_SEARCH_PATHS = "$(SDKROOT)/usr/lib/swift\"$(inherited)\"";
				MTL_ENABLE_DEBUG_INFO = YES;
				ONLY_ACTIVE_ARCH = YES;
				OTHER_CFLAGS = (
					"$(inherited)",
					"-DRCT_REMOVE_LEGACY_ARCH=1",
				);
				OTHER_CPLUSPLUSFLAGS = (
					"$(inherited)",
					"-DRCT_REMOVE_LEGACY_ARCH=1",
				);
				REACT_NATIVE_PATH = "${PODS_ROOT}/../../node_modules/react-native";
				SDKROOT = iphoneos;
				SWIFT_ACTIVE_COMPILATION_CONDITIONS = "$(inherited) DEBUG";
				SWIFT_ENABLE_EXPLICIT_MODULES = NO;
				USE_HERMES = true;
			};
			name = Debug;
		};
		83CBBA211A601CBA00E9B192 /* Release */ = {
			isa = XCBuildConfiguration;
			buildSettings = {
				ALWAYS_SEARCH_USER_PATHS = NO;
				CLANG_ANALYZER_LOCALIZABILITY_NONLOCALIZED = YES;
				CLANG_CXX_LANGUAGE_STANDARD = "c++20";
				CLANG_CXX_LIBRARY = "libc++";
				CLANG_ENABLE_MODULES = YES;
				CLANG_ENABLE_OBJC_ARC = YES;
				CLANG_WARN_BLOCK_CAPTURE_AUTORELEASING = YES;
				CLANG_WARN_BOOL_CONVERSION = YES;
				CLANG_WARN_COMMA = YES;
				CLANG_WARN_CONSTANT_CONVERSION = YES;
				CLANG_WARN_DEPRECATED_OBJC_IMPLEMENTATIONS = YES;
				CLANG_WARN_DIRECT_OBJC_ISA_USAGE = YES_ERROR;
				CLANG_WARN_EMPTY_BODY = YES;
				CLANG_WARN_ENUM_CONVERSION = YES;
				CLANG_WARN_INFINITE_RECURSION = YES;
				CLANG_WARN_INT_CONVERSION = YES;
				CLANG_WARN_NON_LITERAL_NULL_CONVERSION = YES;
				CLANG_WARN_OBJC_IMPLICIT_RETAIN_SELF = YES;
				CLANG_WARN_OBJC_LITERAL_CONVERSION = YES;
				CLANG_WARN_OBJC_ROOT_CLASS = YES_ERROR;
				CLANG_WARN_RANGE_LOOP_ANALYSIS = YES;
				CLANG_WARN_STRICT_PROTOTYPES = YES;
				CLANG_WARN_SUSPICIOUS_MOVE = YES;
				CLANG_WARN_UNREACHABLE_CODE = YES;
				CLANG_WARN__DUPLICATE_METHOD_MATCH = YES;
				"CODE_SIGN_IDENTITY[sdk=iphoneos*]" = "iPhone Developer";
				COPY_PHASE_STRIP = YES;
				ENABLE_NS_ASSERTIONS = NO;
				ENABLE_STRICT_OBJC_MSGSEND = YES;
				GCC_C_LANGUAGE_STANDARD = gnu99;
				GCC_NO_COMMON_BLOCKS = YES;
				GCC_WARN_64_TO_32_BIT_CONVERSION = YES;
				GCC_WARN_ABOUT_RETURN_TYPE = YES_ERROR;
				GCC_WARN_UNDECLARED_SELECTOR = YES;
				GCC_WARN_UNINITIALIZED_AUTOS = YES_AGGRESSIVE;
				GCC_WARN_UNUSED_FUNCTION = YES;
				GCC_WARN_UNUSED_VARIABLE = YES;
				IPHONEOS_DEPLOYMENT_TARGET = 16.4;
				LD_RUNPATH_SEARCH_PATHS = (
					/usr/lib/swift,
					"$(inherited)",
				);
				LIBRARY_SEARCH_PATHS = "$(SDKROOT)/usr/lib/swift\"$(inherited)\"";
				MTL_ENABLE_DEBUG_INFO = NO;
				OTHER_CFLAGS = (
					"$(inherited)",
					"-DRCT_REMOVE_LEGACY_ARCH=1",
				);
				OTHER_CPLUSPLUSFLAGS = (
					"$(inherited)",
					"-DRCT_REMOVE_LEGACY_ARCH=1",
				);
				REACT_NATIVE_PATH = "${PODS_ROOT}/../../node_modules/react-native";
				SDKROOT = iphoneos;
				SWIFT_ENABLE_EXPLICIT_MODULES = NO;
				USE_HERMES = true;
				VALIDATE_PRODUCT = YES;
			};
			name = Release;
		};
		D5356B1F12E04299A2ECB152 /* Release */ = {
			isa = XCBuildConfiguration;
			baseConfigurationReference = B6057CDEAD6F3C96B6E889A1 /* Pods-ExpoWidgetsTarget.release.xcconfig */;
			buildSettings = {
				APPLICATION_EXTENSION_API_ONLY = YES;
				CODE_SIGN_ENTITLEMENTS = ExpoWidgetsTarget/ExpoWidgetsTarget.entitlements;
				CURRENT_PROJECT_VERSION = 27;
				DEVELOPMENT_TEAM = 26WGXSNG58;
				GENERATE_INFOPLIST_FILE = YES;
				INFOPLIST_FILE = ExpoWidgetsTarget/Info.plist;
				INFOPLIST_KEY_CFBundleDisplayName = ExpoWidgetsTarget;
				INFOPLIST_KEY_NSHumanReadableCopyright = "";
				IPHONEOS_DEPLOYMENT_TARGET = 16.4;
				MARKETING_VERSION = 1.3.0;
				OTHER_SWIFT_FLAGS = "$(inherited) -D EXPO_CONFIGURATION_RELEASE";
				PRODUCT_BUNDLE_IDENTIFIER = au.culturepass.app.widgets;
				PRODUCT_NAME = "$(TARGET_NAME)";
				SWIFT_OPTIMIZATION_LEVEL = "-Onone";
				SWIFT_VERSION = 5.0;
				TARGETED_DEVICE_FAMILY = "1,2";
			};
			name = Release;
		};
/* End XCBuildConfiguration section */

/* Begin XCConfigurationList section */
		13B07F931A680F5B00A75B9A /* Build configuration list for PBXNativeTarget "CulturePass" */ = {
			isa = XCConfigurationList;
			buildConfigurations = (
				13B07F941A680F5B00A75B9A /* Debug */,
				13B07F951A680F5B00A75B9A /* Release */,
			);
			defaultConfigurationIsVisible = 0;
			defaultConfigurationName = Release;
		};
		83CBB9FA1A601CBA00E9B192 /* Build configuration list for PBXProject "CulturePass" */ = {
			isa = XCConfigurationList;
			buildConfigurations = (
				83CBBA201A601CBA00E9B192 /* Debug */,
				83CBBA211A601CBA00E9B192 /* Release */,
			);
			defaultConfigurationIsVisible = 0;
			defaultConfigurationName = Release;
		};
		84541E7EF5B244F995EB28DA /* Build configuration list for PBXNativeTarget "ExpoWidgetsTarget" */ = {
			isa = XCConfigurationList;
			buildConfigurations = (
				6C24180FD04C4E43BE443407 /* Debug */,
				D5356B1F12E04299A2ECB152 /* Release */,
			);
			defaultConfigurationIsVisible = 0;
			defaultConfigurationName = Release;
		};
/* End XCConfigurationList section */
	};
	rootObject = 83CBB9F71A601CBA00E9B192 /* Project object */;
}
